
Microsoft Visual Studio Solution File, Format Version 12.00
# Visual Studio Version 17
VisualStudioVersion = 17.9.34728.123
MinimumVisualStudioVersion = 10.0.40219.1
Project("{FAE04EC0-301F-11D3-BF4B-00C04F79EFBC}") = "DOE_FA1_Nico_Coetzee", "DOE_FA1_Nico_Coetzee.csproj", "{27EC426E-5E30-4DC2-A9CA-F4C82D065974}"
EndProject
Global
	GlobalSection(SolutionConfigurationPlatforms) = preSolution
		Debug|Any CPU = Debug|Any CPU
		Release|Any CPU = Release|Any CPU
	EndGlobalSection
	GlobalSection(ProjectConfigurationPlatforms) = postSolution
		{27EC426E-5E30-4DC2-A9CA-F4C82D065974}.Debug|Any CPU.ActiveCfg = Debug|Any CPU
		{27EC426E-5E30-4DC2-A9CA-F4C82D065974}.Debug|Any CPU.Build.0 = Debug|Any CPU
		{27EC426E-5E30-4DC2-A9CA-F4C82D065974}.Release|Any CPU.ActiveCfg = Release|Any CPU
		{27EC426E-5E30-4DC2-A9CA-F4C82D065974}.Release|Any CPU.Build.0 = Release|Any CPU
	EndGlobalSection
	GlobalSection(SolutionProperties) = preSolution
		HideSolutionNode = FALSE
	EndGlobalSection
	GlobalSection(ExtensibilityGlobals) = postSolution
		SolutionGuid = {AEB01374-DD3B-4DEA-8703-D39C585F1800}
	EndGlobalSection
EndGlobal
